# Generated by pub
# See https://dart.dev/tools/pub/glossary#lockfile
packages:
  analyzer:
    dependency: transitive
    description:
      name: analyzer
      sha256: "3827ba22a4afba10b816302feef4a178014ebb946dfbb6ee2e61a13d28221770"
      url: "https://pub.dev"
    source: hosted
    version: "0.37.1+1"
  args:
    dependency: transitive
    description:
      name: args
      sha256: "6ba785824030bc97154264652acfd6a2dc699cd85f6def708fb7534d23ef1348"
      url: "https://pub.dev"
    source: hosted
    version: "1.6.0"
  async:
    dependency: transitive
    description:
      name: async
      sha256: bfe67ef28df125b7dddcea62755991f807aa39a2492a23e1550161692950bbe0
      url: "https://pub.dev"
    source: hosted
    version: "2.10.0"
  boolean_selector:
    dependency: transitive
    description:
      name: boolean_selector
      sha256: "6cfb5af12253eaf2b368f07bacc5a80d1301a071c73360d746b7f2e32d762c66"
      url: "https://pub.dev"
    source: hosted
    version: "2.1.1"
  build:
    dependency: transitive
    description:
      name: build
      sha256: a6b646a77e30844cb1657eb80f48eb4e98416f3e50ea3295af1e3362f0a97d03
      url: "https://pub.dev"
    source: hosted
    version: "1.2.2"
  build_config:
    dependency: transitive
    description:
      name: build_config
      sha256: ed3082b3c5512ba6bbffe1f6b1ba165316607b7e6322a8cc37ee60964b8f2e06
      url: "https://pub.dev"
    source: hosted
    version: "0.4.2"
  build_daemon:
    dependency: transitive
    description:
      name: build_daemon
      sha256: "02d9e94f2b7f6e4de0f0cd24dc9e2cd0c00fec082265ca89d3b32282cb7381bc"
      url: "https://pub.dev"
    source: hosted
    version: "2.1.10"
  build_resolvers:
    dependency: transitive
    description:
      name: build_resolvers
      sha256: c9daacf1146395f8bca8acfb8c4e7ce8913f2057daa2cecc65a7378452639417
      url: "https://pub.dev"
    source: hosted
    version: "1.2.1"
  build_runner:
    dependency: "direct dev"
    description:
      name: build_runner
      sha256: "0d63c63148d3c1849e51546487c42691544abf2a87d6238a8270c0412bf2eef0"
      url: "https://pub.dev"
    source: hosted
    version: "1.9.0"
  build_runner_core:
    dependency: transitive
    description:
      name: build_runner_core
      sha256: f9132559df643d0a5ed5214232c064f17ba353978a78a9ca949b48ed6492dbf2
      url: "https://pub.dev"
    source: hosted
    version: "5.1.0"
  built_collection:
    dependency: transitive
    description:
      name: built_collection
      sha256: "376e3dd27b51ea877c28d525560790aee2e6fbb5f20e2f85d5081027d94e2100"
      url: "https://pub.dev"
    source: hosted
    version: "5.1.1"
  built_value:
    dependency: transitive
    description:
      name: built_value
      sha256: "59e08b0079bb75f7e27392498e26339387c1089c6bd58525a14eb8508637277b"
      url: "https://pub.dev"
    source: hosted
    version: "8.4.2"
  characters:
    dependency: transitive
    description:
      name: characters
      sha256: e6a326c8af69605aec75ed6c187d06b349707a27fbff8222ca9cc2cff167975c
      url: "https://pub.dev"
    source: hosted
    version: "1.2.1"
  charcode:
    dependency: transitive
    description:
      name: charcode
      sha256: fb98c0f6d12c920a02ee2d998da788bca066ca5f148492b7085ee23372b12306
      url: "https://pub.dev"
    source: hosted
    version: "1.3.1"
  checked_yaml:
    dependency: transitive
    description:
      name: checked_yaml
      sha256: d051b31d88264beeeef1fa971f19d9a1d614b157bc60dad5b3b360f996e48656
      url: "https://pub.dev"
    source: hosted
    version: "1.0.4"
  clock:
    dependency: transitive
    description:
      name: clock
      sha256: cb6d7f03e1de671e34607e909a7213e31d7752be4fb66a86d29fe1eb14bfb5cf
      url: "https://pub.dev"
    source: hosted
    version: "1.1.1"
  code_builder:
    dependency: transitive
    description:
      name: code_builder
      sha256: "48ae73ba8dbf1923de91e0fd65736148f63f6c6fb0925bdda05c1df0298c55e1"
      url: "https://pub.dev"
    source: hosted
    version: "3.7.0"
  collection:
    dependency: transitive
    description:
      name: collection
      sha256: cfc915e6923fe5ce6e153b0723c753045de46de1b4d63771530504004a45fae0
      url: "https://pub.dev"
    source: hosted
    version: "1.17.0"
  convert:
    dependency: transitive
    description:
      name: convert
      sha256: "3fa83bc417e26f1d55814443a603747d48e3cdf55b2f4fea27dea8e9224dcefd"
      url: "https://pub.dev"
    source: hosted
    version: "2.1.1"
  crypto:
    dependency: transitive
    description:
      name: crypto
      sha256: "3ce628f3c6a7144be6c524dbb20ca5af52fa59c850c587bf5e52cd70ece8e7e8"
      url: "https://pub.dev"
    source: hosted
    version: "2.1.5"
  csslib:
    dependency: transitive
    description:
      name: csslib
      sha256: c5f80c0361d95655647094aad231fd6efe2ef0f1ee85db4e0d1d99db4d789229
      url: "https://pub.dev"
    source: hosted
    version: "0.16.2"
  dart_style:
    dependency: transitive
    description:
      name: dart_style
      sha256: "5b184ae32341245b8c07d47fa3b80d6eebfd9204d9316fbc247031cd923f8458"
      url: "https://pub.dev"
    source: hosted
    version: "1.2.10"
  fake_async:
    dependency: transitive
    description:
      name: fake_async
      sha256: "511392330127add0b769b75a987850d136345d9227c6b94c96a04cf4a391bf78"
      url: "https://pub.dev"
    source: hosted
    version: "1.3.1"
  file:
    dependency: transitive
    description:
      name: file
      sha256: "781811e896666e9a728fd85b13129e32d73f05167a5da1891739f4609c6a8d7d"
      url: "https://pub.dev"
    source: hosted
    version: "5.2.1"
  fixnum:
    dependency: transitive
    description:
      name: fixnum
      sha256: "04be3e934c52e082558cc9ee21f42f5c1cd7a1262f4c63cd0357c08d5bba81ec"
      url: "https://pub.dev"
    source: hosted
    version: "1.0.1"
  flutter:
    dependency: "direct main"
    description: flutter
    source: sdk
    version: "0.0.0"
  flutter_test:
    dependency: "direct dev"
    description: flutter
    source: sdk
    version: "0.0.0"
  front_end:
    dependency: transitive
    description:
      name: front_end
      sha256: "56dbd322adfa1b9bb837a29d07cc667f9d0b705169ce2b98fe19bdc45d1717b9"
      url: "https://pub.dev"
    source: hosted
    version: "0.1.21+1"
  glob:
    dependency: transitive
    description:
      name: glob
      sha256: f699efc018c8783b7955c74c13b1952811feb38fb6fe13f9546752a6573dde5f
      url: "https://pub.dev"
    source: hosted
    version: "1.2.1"
  graphs:
    dependency: transitive
    description:
      name: graphs
      sha256: db4e50f399d69bf7349d4e99e8dabd74fad51c0574f36b8d3613ef465715af52
      url: "https://pub.dev"
    source: hosted
    version: "0.2.0"
  html:
    dependency: transitive
    description:
      name: html
      sha256: "49f0f00a6f85ecab782e641ad79377bfd4b4aea463178ac19cbf45ea8419c380"
      url: "https://pub.dev"
    source: hosted
    version: "0.14.0+4"
  http:
    dependency: transitive
    description:
      name: http
      sha256: "411262398b34f52b9baac4860a1aa6e4779037ba9289c19b4cd16928efa97a2b"
      url: "https://pub.dev"
    source: hosted
    version: "0.12.2"
  http_multi_server:
    dependency: transitive
    description:
      name: http_multi_server
      sha256: "90daef58b775dc37bc409f4053763503f6544f6af7c910d2c2a7f1946554e5e5"
      url: "https://pub.dev"
    source: hosted
    version: "2.2.0"
  http_parser:
    dependency: transitive
    description:
      name: http_parser
      sha256: "9d2b0626e9e402fc98e6868360da8f256064d6c0b8e4c3edcca5e02fb0b95da9"
      url: "https://pub.dev"
    source: hosted
    version: "3.1.4"
  intl:
    dependency: transitive
    description:
      name: intl
      sha256: "910f85bce16fb5c6f614e117efa303e85a1731bb0081edf3604a2ae6e9a3cc91"
      url: "https://pub.dev"
    source: hosted
    version: "0.17.0"
  io:
    dependency: transitive
    description:
      name: io
      sha256: "9148a33dc8fa396d4fc434625fa606744fa42b2e8dfff5ce5609938cd01aecea"
      url: "https://pub.dev"
    source: hosted
    version: "0.3.5"
  js:
    dependency: transitive
    description:
      name: js
      sha256: "5528c2f391ededb7775ec1daa69e65a2d61276f7552de2b5f7b8d34ee9fd4ab7"
      url: "https://pub.dev"
    source: hosted
    version: "0.6.5"
  json_annotation:
    dependency: "direct main"
    description:
      name: json_annotation
      sha256: "70fbd227bef9d0b7a9e2a8ac0d7495d1b37a7b722c7da2733df7ee750a8024d8"
      url: "https://pub.dev"
    source: hosted
    version: "2.4.0"
  json_serializable:
    dependency: "direct dev"
    description:
      name: json_serializable
      sha256: "200067f133ce6c40d8cf5d6fc9f09b5896c366e53094c9f61a7c561dbb872db6"
      url: "https://pub.dev"
    source: hosted
    version: "3.1.0"
  kernel:
    dependency: transitive
    description:
      name: kernel
      sha256: "0e91c692c8384a22f99c7e6760563a5f5d36c21ca5d92b2022a680d11064e61c"
      url: "https://pub.dev"
    source: hosted
    version: "0.3.21+1"
  logging:
    dependency: transitive
    description:
      name: logging
      sha256: "239402c239e2a390cf745af3a496fb985dc8f0b31b3f5fe0d460e42289d33ad7"
      url: "https://pub.dev"
    source: hosted
    version: "0.11.4"
  matcher:
    dependency: transitive
    description:
      name: matcher
      sha256: "16db949ceee371e9b99d22f88fa3a73c4e59fd0afed0bd25fc336eb76c198b72"
      url: "https://pub.dev"
    source: hosted
    version: "0.12.13"
  material_color_utilities:
    dependency: transitive
    description:
      name: material_color_utilities
      sha256: d92141dc6fe1dad30722f9aa826c7fbc896d021d792f80678280601aff8cf724
      url: "https://pub.dev"
    source: hosted
    version: "0.2.0"
  meta:
    dependency: "direct main"
    description:
      name: meta
      sha256: "6c268b42ed578a53088d834796959e4a1814b5e9e164f147f580a386e5decf42"
      url: "https://pub.dev"
    source: hosted
    version: "1.8.0"
  mime:
    dependency: transitive
    description:
      name: mime
      sha256: "5041f313f4e30fbd70dee7c0403785a4ee270f75830f590e5983960fddf743e4"
      url: "https://pub.dev"
    source: hosted
    version: "0.9.7"
  node_interop:
    dependency: transitive
    description:
      name: node_interop
      sha256: "910d75f8589630cd197b8b7ec70e648bc380950b489b07bda1da0c5b20c4b8c1"
      url: "https://pub.dev"
    source: hosted
    version: "1.2.1"
  node_io:
    dependency: transitive
    description:
      name: node_io
      sha256: "36b74b2bcea9aa7484caa91e24bddde3f56e87fdc84f4da1cab7522a4b3680fe"
      url: "https://pub.dev"
    source: hosted
    version: "1.2.0"
  package_config:
    dependency: transitive
    description:
      name: package_config
      sha256: "08b3acb5f8c9736aaf26776864ea68441bb69a82d900cbce47cd962b3ddb12c9"
      url: "https://pub.dev"
    source: hosted
    version: "1.9.3"
  package_resolver:
    dependency: transitive
    description:
      name: package_resolver
      sha256: "71d9ac662d9ee09ec9c4cb439bd8db8aff959d6398fff1afa0e0a570eb3f0f04"
      url: "https://pub.dev"
    source: hosted
    version: "1.0.10"
  path:
    dependency: "direct main"
    description:
      name: path
      sha256: db9d4f58c908a4ba5953fcee2ae317c94889433e5024c27ce74a37f94267945b
      url: "https://pub.dev"
    source: hosted
    version: "1.8.2"
  pedantic:
    dependency: transitive
    description:
      name: pedantic
      sha256: "67fc27ed9639506c856c840ccce7594d0bdcd91bc8d53d6e52359449a1d50602"
      url: "https://pub.dev"
    source: hosted
    version: "1.11.1"
  pool:
    dependency: transitive
    description:
      name: pool
      sha256: "20fe868b6314b322ea036ba325e6fc0711a22948856475e2c2b6306e8ab39c2a"
      url: "https://pub.dev"
    source: hosted
    version: "1.5.1"
  pub_semver:
    dependency: transitive
    description:
      name: pub_semver
      sha256: "3c51ec0aaeccb85cacfe824816c60e1e3c53da586c64e1166422a906a4f7251c"
      url: "https://pub.dev"
    source: hosted
    version: "1.4.4"
  pubspec_parse:
    dependency: transitive
    description:
      name: pubspec_parse
      sha256: d65b4c44175a6882692fae384be22c3eed8b9235bb758d8984b11fec55848b8c
      url: "https://pub.dev"
    source: hosted
    version: "0.1.8"
  shelf:
    dependency: transitive
    description:
      name: shelf
      sha256: d16d1197f877e814f767be03c1c5940a397ae0ddb46dcfb9b5465074bb80ee37
      url: "https://pub.dev"
    source: hosted
    version: "0.7.9"
  shelf_web_socket:
    dependency: transitive
    description:
      name: shelf_web_socket
      sha256: "2a300f6dd3d4a6d41941eef97920671ecd250712ce1275bf60110997691b20d1"
      url: "https://pub.dev"
    source: hosted
    version: "0.2.4+1"
  sky_engine:
    dependency: transitive
    description: flutter
    source: sdk
    version: "0.0.99"
  source_gen:
    dependency: transitive
    description:
      name: source_gen
      sha256: "8a2a0f83d2e40e39d1801b1930474842702f224747a8579a2607515c0e79a8ae"
      url: "https://pub.dev"
    source: hosted
    version: "0.9.4+6"
  source_span:
    dependency: transitive
    description:
      name: source_span
      sha256: dd904f795d4b4f3b870833847c461801f6750a9fa8e61ea5ac53f9422b31f250
      url: "https://pub.dev"
    source: hosted
    version: "1.9.1"
  stack_trace:
    dependency: transitive
    description:
      name: stack_trace
      sha256: c3c7d8edb15bee7f0f74debd4b9c5f3c2ea86766fe4178eb2a18eb30a0bdaed5
      url: "https://pub.dev"
    source: hosted
    version: "1.11.0"
  stream_channel:
    dependency: transitive
    description:
      name: stream_channel
      sha256: "83615bee9045c1d322bbbd1ba209b7a749c2cbcdcb3fdd1df8eb488b3279c1c8"
      url: "https://pub.dev"
    source: hosted
    version: "2.1.1"
  stream_transform:
    dependency: transitive
    description:
      name: stream_transform
      sha256: "0727efc56e75321979e4e29c4b0dd26885b689fef7f35262ed9b4f5e4a52454a"
      url: "https://pub.dev"
    source: hosted
    version: "1.2.0"
  string_scanner:
    dependency: transitive
    description:
      name: string_scanner
      sha256: "862015c5db1f3f3c4ea3b94dc2490363a84262994b88902315ed74be1155612f"
      url: "https://pub.dev"
    source: hosted
    version: "1.1.1"
  term_glyph:
    dependency: transitive
    description:
      name: term_glyph
      sha256: a29248a84fbb7c79282b40b8c72a1209db169a2e0542bce341da992fe1bc7e84
      url: "https://pub.dev"
    source: hosted
    version: "1.2.1"
  test_api:
    dependency: transitive
    description:
      name: test_api
      sha256: c9aba3b3dbfe8878845dfab5fa096eb8de7b62231baeeb1cea8e3ee81ca8c6d8
      url: "https://pub.dev"
    source: hosted
    version: "0.4.15"
  timing:
    dependency: transitive
    description:
      name: timing
      sha256: "3f88d1d53e39741b541633abb7adf9eaf0efbd418dddcfd71a9ed1561ce2e811"
      url: "https://pub.dev"
    source: hosted
    version: "0.1.1+3"
  typed_data:
    dependency: transitive
    description:
      name: typed_data
      sha256: "26f87ade979c47a150c9eaab93ccd2bebe70a27dc0b4b29517f2904f04eb11a5"
      url: "https://pub.dev"
    source: hosted
    version: "1.3.1"
  vector_math:
    dependency: transitive
    description:
      name: vector_math
      sha256: "80b3257d1492ce4d091729e3a67a60407d227c27241d6927be0130c98e741803"
      url: "https://pub.dev"
    source: hosted
    version: "2.1.4"
  watcher:
    dependency: transitive
    description:
      name: watcher
      sha256: c0b32652d41aa3c5053309286d96c4659f0d3001db9c97422c8700f163aa80e7
      url: "https://pub.dev"
    source: hosted
    version: "0.9.7+15"
  web_socket_channel:
    dependency: transitive
    description:
      name: web_socket_channel
      sha256: bfd93faab893a64920903d7d375517c18789c21e4c7daa5232a31ee126b7fea1
      url: "https://pub.dev"
    source: hosted
    version: "1.2.0"
  yaml:
    dependency: transitive
    description:
      name: yaml
      sha256: "5ec3d7ffef5a113f664e4c61c08508e23acb2d87021645468967200d684b9274"
      url: "https://pub.dev"
    source: hosted
    version: "2.2.1"
sdks:
  dart: ">=2.18.0 <3.0.0"
